github.com/cea-hpc/pcocc v0.5.0 h1:ZPJ0G8aacDwwI0/eZTthKB4b7DQ9gGOsBkZ7Sa4arvI=
github.com/creack/pty v1.1.7 h1:6pwm8kMQKCmgUg0ZHTm5+/YvRK0s3THD/28+T6/kk4A=
github.com/creack/pty v1.1.7/go.mod h1:lj5s0c3V2DBrqTV7llrYr5NG6My20zk30Fl46Y7DoTY=
github.com/davecgh/go-spew v1.1.1/go.mod h1:J7Y8YcW2NihsgmVo/mv3lAwl/skON4iLHjSsI+c5H38=
github.com/golang/protobuf v1.3.2 h1:6nsPYzhq5kReh6QImI3k5qWzO4PEbvbIW2cwSfR/6xs=
github.com/golang/protobuf v1.3.2/go.mod h1:6lQm79b+lXiMfvg/cZm0SGofjICqVBUtrP5yJMmIC1U=
github.com/konsorten/go-windows-terminal-sequences v1.0.1/go.mod h1:T0+1ngSBFLxvqU3pZ+m/2kptfBszLMUkC4ZK/EgS/cQ=
github.com/kr/pty v1.1.8 h1:AkaSdXYQOWeaO3neb8EM634ahkXXe3jYbVh/F9lq+GI=
github.com/kr/pty v1.1.8/go.mod h1:O1sed60cT9XZ5uDucP5qwvh+TE3NnUj51EiZO/lmSfw=
github.com/onrik/logrus v0.4.1 h1:290kCFJ6qtyNfX4YJsnOEpFWzOBCJF9rTQ0pFThiFrA=
github.com/onrik/logrus v0.4.1/go.mod h1:qfe9NeZVAJfIxviw3cYkZo3kvBtLoPRJriAO8zl7qTk=
github.com/pmezard/go-difflib v1.0.0/go.mod h1:iKH77koFhYxTK1pcRnkKkqfTogsbg7gZNVY4sRDYZ/4=
github.com/sirupsen/logrus v1.4.2 h1:SPIRibHv4MatM3XXNO2BJeFLZwZ2LvZgfQ5+UNI2im4=
github.com/sirupsen/logrus v1.4.2/go.mod h1:tLMulIdttU9McNUspp0xgXVQah82FyeX6MwdIuYE2rE=
github.com/stretchr/objx v0.1.1/go.mod h1:HFkY916IF+rwdDfMAkV7OtwuqBVzrE8GR6GFx+wExME=
github.com/stretchr/testify v1.2.2/go.mod h1:a8OnRcib4nhh0OaRAV+Yts87kKdq0PP7pXfy6kDkUVs=
golang.org/x/sys v0.0.0-20190422165155-953cdadca894 h1:Cz4ceDQGXuKRnVBDTS23GTn/pU5OE2C0WrNTOYK1Uuc=
golang.org/x/sys v0.0.0-20190422165155-953cdadca894/go.mod h1:h1NjWce9XRLGQEsW7wpKNCjG9DtNlClVuFLEZdDNbEs=
